
Microsoft Visual Studio Solution File, Format Version 12.00
# Visual Studio Version 16
VisualStudioVersion = 16.0.30611.23
MinimumVisualStudioVersion = 10.0.40219.1
Project("{8BC9CEB8-8B4A-11D0-8D11-00A0C91BC942}") = "Vjezbe5-ObjektID", "Vjezbe5-ObjektID.vcxproj", "{1743BCCE-574B-4CAC-9A6E-56BBB5EBB02E}"
EndProject
Global
	GlobalSection(SolutionConfigurationPlatforms) = preSolution
		Debug|x64 = Debug|x64
		Debug|x86 = Debug|x86
		Release|x64 = Release|x64
		Release|x86 = Release|x86
	EndGlobalSection
	GlobalSection(ProjectConfigurationPlatforms) = postSolution
		{1743BCCE-574B-4CAC-9A6E-56BBB5EBB02E}.Debug|x64.ActiveCfg = Debug|x64
		{1743BCCE-574B-4CAC-9A6E-56BBB5EBB02E}.Debug|x64.Build.0 = Debug|x64
		{1743BCCE-574B-4CAC-9A6E-56BBB5EBB02E}.Debug|x86.ActiveCfg = Debug|Win32
		{1743BCCE-574B-4CAC-9A6E-56BBB5EBB02E}.Debug|x86.Build.0 = Debug|Win32
		{1743BCCE-574B-4CAC-9A6E-56BBB5EBB02E}.Release|x64.ActiveCfg = Release|x64
		{1743BCCE-574B-4CAC-9A6E-56BBB5EBB02E}.Release|x64.Build.0 = Release|x64
		{1743BCCE-574B-4CAC-9A6E-56BBB5EBB02E}.Release|x86.ActiveCfg = Release|Win32
		{1743BCCE-574B-4CAC-9A6E-56BBB5EBB02E}.Release|x86.Build.0 = Release|Win32
	EndGlobalSection
	GlobalSection(SolutionProperties) = preSolution
		HideSolutionNode = FALSE
	EndGlobalSection
	GlobalSection(ExtensibilityGlobals) = postSolution
		SolutionGuid = {0E88B431-D737-4252-A8B3-852542A4AE9D}
	EndGlobalSection
EndGlobal
